{
  "name": "aliyun-market-proxy",
  "version": "1.0.0",
  "lockfileVersion": 3,
  "requires": true,
  "packages": {
    "": {
      "name": "aliyun-market-proxy",
      "version": "1.0.0",
      "dependencies": {
        "longbridge": "^4.3.3"
      },
      "engines": {
        "node": ">=20"
      }
    },
    "node_modules/longbridge": {
      "version": "4.3.3",
      "resolved": "https://registry.npmjs.org/longbridge/-/longbridge-4.3.3.tgz",
      "integrity": "sha512-5YPzh/++nxaZl4FAC1R6E5Lh7Bd46jge7qfe/E41EFFKftXu7OPOT1fbghqF9lHPA1p0V+klyVtE+4gdfDnC4g==",
      "license": "MIT OR Apache-2.0",
      "engines": {
        "node": ">= 10"
      },
      "optionalDependencies": {
        "longbridge-darwin-arm64": "4.3.3",
        "longbridge-darwin-x64": "4.3.3",
        "longbridge-linux-arm64-gnu": "4.3.3",
        "longbridge-linux-x64-gnu": "4.3.3",
        "longbridge-linux-x64-musl": "4.3.3",
        "longbridge-win32-x64-msvc": "4.3.3"
      }
    },
    "node_modules/longbridge-darwin-arm64": {
      "version": "4.3.3",
      "resolved": "https://registry.npmjs.org/longbridge-darwin-arm64/-/longbridge-darwin-arm64-4.3.3.tgz",
      "integrity": "sha512-enNmMUPq5oy5iyQMtKL3YU/O1ZirAsK0Usk2eL8LGXDTbKdbGBssh1qA5xAmSkaMYyYZPY/PvedcC3DU7KhgVQ==",
      "cpu": [
        "arm64"
      ],
      "license": "MIT",
      "optional": true,
      "os": [
        "darwin"
      ],
      "engines": {
        "node": ">= 10"
      }
    },
    "node_modules/longbridge-darwin-x64": {
      "version": "4.3.3",
      "resolved": "https://registry.npmjs.org/longbridge-darwin-x64/-/longbridge-darwin-x64-4.3.3.tgz",
      "integrity": "sha512-Jk4Ueb44lddFjbMgOByXVQgL8Xc59lfmKMnjj0N6sunVH9TyNMEHgweZK0CCJufglm+tObsMydrZXaPZ3BnMSQ==",
      "cpu": [
        "x64"
      ],
      "license": "MIT",
      "optional": true,
      "os": [
        "darwin"
      ],
      "engines": {
        "node": ">= 10"
      }
    },
    "node_modules/longbridge-linux-arm64-gnu": {
      "version": "4.3.3",
      "resolved": "https://registry.npmjs.org/longbridge-linux-arm64-gnu/-/longbridge-linux-arm64-gnu-4.3.3.tgz",
      "integrity": "sha512-NcAr1I23+S29wrGHJklRY07dAk8OwMVe+UWKeXrRAR5zvnI3c92s5EFKirviqDscdB7eLxfCJJlWuFtwUUTgFw==",
      "cpu": [
        "arm64"
      ],
      "license": "MIT",
      "optional": true,
      "os": [
        "linux"
      ],
      "engines": {
        "node": ">= 10"
      }
    },
    "node_modules/longbridge-linux-x64-gnu": {
      "version": "4.3.3",
      "resolved": "https://registry.npmjs.org/longbridge-linux-x64-gnu/-/longbridge-linux-x64-gnu-4.3.3.tgz",
      "integrity": "sha512-i7HFaz/D0ZrCQF6tvYrd84B0n2nVIyW+Y8UyUlgWPT/0znoOraAuAvlAzgP/hBRZVyvN7smblc5P0Tzb4X72DQ==",
      "cpu": [
        "x64"
      ],
      "license": "MIT",
      "optional": true,
      "os": [
        "linux"
      ],
      "engines": {
        "node": ">= 10"
      }
    },
    "node_modules/longbridge-win32-x64-msvc": {
      "version": "4.3.3",
      "resolved": "https://registry.npmjs.org/longbridge-win32-x64-msvc/-/longbridge-win32-x64-msvc-4.3.3.tgz",
      "integrity": "sha512-I/OYUVyFsZ6wH+aliE2HRYYpXMtr5D9GUGqenDMUrNFwCCBZ2nlsM1dEVElqz39W63+5qrXiIeFOHqwopktO2Q==",
      "cpu": [
        "x64"
      ],
      "license": "MIT",
      "optional": true,
      "os": [
        "win32"
      ],
      "engines": {
        "node": ">= 10"
      }
    }
  }
}
